PODS:
  - Flutter (1.0.0)
  - iterable (0.0.1):
    - Flutter
    - Iterable-iOS-SDK
  - Iterable-iOS-SDK (6.4.7)

DEPENDENCIES:
  - Flutter (from `Flutter`)
  - iterable (from `.symlinks/plugins/iterable/ios`)

SPEC REPOS:
  trunk:
    - Iterable-iOS-SDK

EXTERNAL SOURCES:
  Flutter:
    :path: Flutter
  iterable:
    :path: ".symlinks/plugins/iterable/ios"

SPEC CHECKSUMS:
  Flutter: f04841e97a9d0b0a8025694d0796dd46242b2854
  iterable: 4d46375ac1e30e3b7a3adbe32bacc40d4b3a6bea
  Iterable-iOS-SDK: 3e196cba0a21153f849a26a3c26cecb00cfd1bda

PODFILE CHECKSUM: ef19549a9bc3046e7bb7d2fab4d021637c0c58a3

COCOAPODS: 1.11.3
